
Microsoft Visual Studio Solution File, Format Version 12.00
# Visual Studio Version 17
VisualStudioVersion = 17.7.34221.43
MinimumVisualStudioVersion = 10.0.40219.1
Project("{9A19103F-16F7-4668-BE54-9A1E7A4F7556}") = "ProductScan", "ProductScan\ProductScan.csproj", "{15F26CA2-9DFB-45EE-83CB-D98458113290}"
EndProject
Project("{9A19103F-16F7-4668-BE54-9A1E7A4F7556}") = "dbModels", "D:\Projects\dbModels\dbModels.csproj", "{B27C3569-3329-49A3-B0EF-6C3161257F78}"
EndProject
Global
	GlobalSection(SolutionConfigurationPlatforms) = preSolution
		Debug|Any CPU = Debug|Any CPU
		Release|Any CPU = Release|Any CPU
	EndGlobalSection
	GlobalSection(ProjectConfigurationPlatforms) = postSolution
		{15F26CA2-9DFB-45EE-83CB-D98458113290}.Debug|Any CPU.ActiveCfg = Debug|Any CPU
		{15F26CA2-9DFB-45EE-83CB-D98458113290}.Debug|Any CPU.Build.0 = Debug|Any CPU
		{15F26CA2-9DFB-45EE-83CB-D98458113290}.Release|Any CPU.ActiveCfg = Release|Any CPU
		{15F26CA2-9DFB-45EE-83CB-D98458113290}.Release|Any CPU.Build.0 = Release|Any CPU
		{B27C3569-3329-49A3-B0EF-6C3161257F78}.Debug|Any CPU.ActiveCfg = Debug|Any CPU
		{B27C3569-3329-49A3-B0EF-6C3161257F78}.Debug|Any CPU.Build.0 = Debug|Any CPU
		{B27C3569-3329-49A3-B0EF-6C3161257F78}.Release|Any CPU.ActiveCfg = Release|Any CPU
		{B27C3569-3329-49A3-B0EF-6C3161257F78}.Release|Any CPU.Build.0 = Release|Any CPU
	EndGlobalSection
	GlobalSection(SolutionProperties) = preSolution
		HideSolutionNode = FALSE
	EndGlobalSection
	GlobalSection(ExtensibilityGlobals) = postSolution
		SolutionGuid = {E5CF4012-B7DA-4A71-93C6-84CEEEAA4CD6}
	EndGlobalSection
EndGlobal
